
Microsoft Visual Studio Solution File, Format Version 12.00
# Visual Studio Version 17
VisualStudioVersion = 17.1.32113.165
MinimumVisualStudioVersion = 10.0.40219.1
Project("{FAE04EC0-301F-11D3-BF4B-00C04F79EFBC}") = "Bruhinterview.Api", "Bruhinterview.Api\Bruhinterview.Api.csproj", "{B4A7F71B-196B-4545-966F-4CE71E97C1A5}"
EndProject
Project("{FAE04EC0-301F-11D3-BF4B-00C04F79EFBC}") = "Open-Closed Principle Practice", "Open-Closed Principle Practice\Open-Closed Principle Practice.csproj", "{A045B531-96B7-4A37-8C56-73E1EB8F6EEB}"
EndProject
Global
	GlobalSection(SolutionConfigurationPlatforms) = preSolution
		Debug|Any CPU = Debug|Any CPU
		Release|Any CPU = Release|Any CPU
	EndGlobalSection
	GlobalSection(ProjectConfigurationPlatforms) = postSolution
		{B4A7F71B-196B-4545-966F-4CE71E97C1A5}.Debug|Any CPU.ActiveCfg = Debug|Any CPU
		{B4A7F71B-196B-4545-966F-4CE71E97C1A5}.Debug|Any CPU.Build.0 = Debug|Any CPU
		{B4A7F71B-196B-4545-966F-4CE71E97C1A5}.Release|Any CPU.ActiveCfg = Release|Any CPU
		{B4A7F71B-196B-4545-966F-4CE71E97C1A5}.Release|Any CPU.Build.0 = Release|Any CPU
		{A045B531-96B7-4A37-8C56-73E1EB8F6EEB}.Debug|Any CPU.ActiveCfg = Debug|Any CPU
		{A045B531-96B7-4A37-8C56-73E1EB8F6EEB}.Debug|Any CPU.Build.0 = Debug|Any CPU
		{A045B531-96B7-4A37-8C56-73E1EB8F6EEB}.Release|Any CPU.ActiveCfg = Release|Any CPU
		{A045B531-96B7-4A37-8C56-73E1EB8F6EEB}.Release|Any CPU.Build.0 = Release|Any CPU
	EndGlobalSection
	GlobalSection(SolutionProperties) = preSolution
		HideSolutionNode = FALSE
	EndGlobalSection
	GlobalSection(ExtensibilityGlobals) = postSolution
		SolutionGuid = {7FCCC207-CBA5-4C31-9B5D-7D781708F401}
	EndGlobalSection
EndGlobal
